// !$*UTF8*$!
{
	archiveVersion = 1;
	classes = {
	};
	objectVersion = 46;
	objects = {

/* Begin PBXBuildFile section */
		0A4D151E202BAB95000976E0 /* mediaplayer.cpp in Sources */ = {isa = PBXBuildFile; fileRef = 0A4D151C202BAB95000976E0 /* mediaplayer.cpp */; };
		0A89ED1F202259C6000BCF84 /* libavutil.a in Frameworks */ = {isa = PBXBuildFile; fileRef = 0A89ED18202259C6000BCF84 /* libavutil.a */; };
		0A89ED20202259C6000BCF84 /* libswscale.a in Frameworks */ = {isa = PBXBuildFile; fileRef = 0A89ED19202259C6000BCF84 /* libswscale.a */; };
		0A89ED21202259C6000BCF84 /* libavdevice.a in Frameworks */ = {isa = PBXBuildFile; fileRef = 0A89ED1A202259C6000BCF84 /* libavdevice.a */; };
		0A89ED22202259C6000BCF84 /* libavcodec.a in Frameworks */ = {isa = PBXBuildFile; fileRef = 0A89ED1B202259C6000BCF84 /* libavcodec.a */; };
		0A89ED23202259C6000BCF84 /* libavfilter.a in Frameworks */ = {isa = PBXBuildFile; fileRef = 0A89ED1C202259C6000BCF84 /* libavfilter.a */; };
		0A89ED24202259C6000BCF84 /* libavformat.a in Frameworks */ = {isa = PBXBuildFile; fileRef = 0A89ED1D202259C6000BCF84 /* libavformat.a */; };
		0A89ED25202259C6000BCF84 /* libswresample.a in Frameworks */ = {isa = PBXBuildFile; fileRef = 0A89ED1E202259C6000BCF84 /* libswresample.a */; };
		0A89ED2720225BC7000BCF84 /* OpenGL.framework in Frameworks */ = {isa = PBXBuildFile; fileRef = 0A89ED2620225BC7000BCF84 /* OpenGL.framework */; };
		0A89ED2920225BD0000BCF84 /* CoreVideo.framework in Frameworks */ = {isa = PBXBuildFile; fileRef = 0A89ED2820225BD0000BCF84 /* CoreVideo.framework */; };
		0A89ED2B20225BD8000BCF84 /* AudioToolbox.framework in Frameworks */ = {isa = PBXBuildFile; fileRef = 0A89ED2A20225BD8000BCF84 /* AudioToolbox.framework */; };
		0A89ED2D20225BE0000BCF84 /* VideoToolbox.framework in Frameworks */ = {isa = PBXBuildFile; fileRef = 0A89ED2C20225BE0000BCF84 /* VideoToolbox.framework */; };
		0A89ED2F20225BE8000BCF84 /* CoreMedia.framework in Frameworks */ = {isa = PBXBuildFile; fileRef = 0A89ED2E20225BE8000BCF84 /* CoreMedia.framework */; };
		0A89ED3120225BF2000BCF84 /* AVFoundation.framework in Frameworks */ = {isa = PBXBuildFile; fileRef = 0A89ED3020225BF2000BCF84 /* AVFoundation.framework */; };
		0A89ED3320225C13000BCF84 /* libiconv.tbd in Frameworks */ = {isa = PBXBuildFile; fileRef = 0A89ED3220225C13000BCF84 /* libiconv.tbd */; };
		0A89ED3520225C1C000BCF84 /* libbz2.tbd in Frameworks */ = {isa = PBXBuildFile; fileRef = 0A89ED3420225C1C000BCF84 /* libbz2.tbd */; };
		0A89ED3720225C22000BCF84 /* libz.tbd in Frameworks */ = {isa = PBXBuildFile; fileRef = 0A89ED3620225C22000BCF84 /* libz.tbd */; };
		0A89ED3920226151000BCF84 /* CoreImage.framework in Frameworks */ = {isa = PBXBuildFile; fileRef = 0A89ED3820226150000BCF84 /* CoreImage.framework */; };
		0A89ED3B20226192000BCF84 /* Security.framework in Frameworks */ = {isa = PBXBuildFile; fileRef = 0A89ED3A20226192000BCF84 /* Security.framework */; };
		1E5E4FD91C9EA351002E85FA /* cmdutils.c in Sources */ = {isa = PBXBuildFile; fileRef = 1E5E4FD71C9EA351002E85FA /* cmdutils.c */; };
		1E5E4FDA1C9EA351002E85FA /* ffplay.cpp in Sources */ = {isa = PBXBuildFile; fileRef = 1E5E4FD81C9EA351002E85FA /* ffplay.cpp */; };
		1E5E4FDC1C9EA495002E85FA /* Cocoa.framework in Frameworks */ = {isa = PBXBuildFile; fileRef = 1E5E4FDB1C9EA495002E85FA /* Cocoa.framework */; };
		58C47C2920240155005145AE /* libSDL2-2.0.0.dylib in Frameworks */ = {isa = PBXBuildFile; fileRef = 58C47C2820240155005145AE /* libSDL2-2.0.0.dylib */; };
/* End PBXBuildFile section */

/* Begin PBXCopyFilesBuildPhase section */
		0A89ED3C202261E0000BCF84 /* CopyFiles */ = {
			isa = PBXCopyFilesBuildPhase;
			buildActionMask = 2147483647;
			dstPath = "";
			dstSubfolderSpec = 10;
			files = (
			);
			runOnlyForDeploymentPostprocessing = 0;
		};
		1EF88A611C9EA30A0036424C /* CopyFiles */ = {
			isa = PBXCopyFilesBuildPhase;
			buildActionMask = 2147483647;
			dstPath = /usr/share/man/man1/;
			dstSubfolderSpec = 0;
			files = (
			);
			runOnlyForDeploymentPostprocessing = 1;
		};
/* End PBXCopyFilesBuildPhase section */

/* Begin PBXFileReference section */
		0A4D151C202BAB95000976E0 /* mediaplayer.cpp */ = {isa = PBXFileReference; lastKnownFileType = sourcecode.cpp.cpp; path = mediaplayer.cpp; sourceTree = SOURCE_ROOT; };
		0A4D151D202BAB95000976E0 /* mediaplayer.hpp */ = {isa = PBXFileReference; lastKnownFileType = sourcecode.cpp.h; path = mediaplayer.hpp; sourceTree = SOURCE_ROOT; };
		0A89ED18202259C6000BCF84 /* libavutil.a */ = {isa = PBXFileReference; lastKnownFileType = archive.ar; name = libavutil.a; path = lib/libavutil.a; sourceTree = "<group>"; };
		0A89ED19202259C6000BCF84 /* libswscale.a */ = {isa = PBXFileReference; lastKnownFileType = archive.ar; name = libswscale.a; path = lib/libswscale.a; sourceTree = "<group>"; };
		0A89ED1A202259C6000BCF84 /* libavdevice.a */ = {isa = PBXFileReference; lastKnownFileType = archive.ar; name = libavdevice.a; path = lib/libavdevice.a; sourceTree = "<group>"; };
		0A89ED1B202259C6000BCF84 /* libavcodec.a */ = {isa = PBXFileReference; lastKnownFileType = archive.ar; name = libavcodec.a; path = lib/libavcodec.a; sourceTree = "<group>"; };
		0A89ED1C202259C6000BCF84 /* libavfilter.a */ = {isa = PBXFileReference; lastKnownFileType = archive.ar; name = libavfilter.a; path = lib/libavfilter.a; sourceTree = "<group>"; };
		0A89ED1D202259C6000BCF84 /* libavformat.a */ = {isa = PBXFileReference; lastKnownFileType = archive.ar; name = libavformat.a; path = lib/libavformat.a; sourceTree = "<group>"; };
		0A89ED1E202259C6000BCF84 /* libswresample.a */ = {isa = PBXFileReference; lastKnownFileType = archive.ar; name = libswresample.a; path = lib/libswresample.a; sourceTree = "<group>"; };
		0A89ED2620225BC7000BCF84 /* OpenGL.framework */ = {isa = PBXFileReference; lastKnownFileType = wrapper.framework; name = OpenGL.framework; path = System/Library/Frameworks/OpenGL.framework; sourceTree = SDKROOT; };
		0A89ED2820225BD0000BCF84 /* CoreVideo.framework */ = {isa = PBXFileReference; lastKnownFileType = wrapper.framework; name = CoreVideo.framework; path = System/Library/Frameworks/CoreVideo.framework; sourceTree = SDKROOT; };
		0A89ED2A20225BD8000BCF84 /* AudioToolbox.framework */ = {isa = PBXFileReference; lastKnownFileType = wrapper.framework; name = AudioToolbox.framework; path = System/Library/Frameworks/AudioToolbox.framework; sourceTree = SDKROOT; };
		0A89ED2C20225BE0000BCF84 /* VideoToolbox.framework */ = {isa = PBXFileReference; lastKnownFileType = wrapper.framework; name = VideoToolbox.framework; path = System/Library/Frameworks/VideoToolbox.framework; sourceTree = SDKROOT; };
		0A89ED2E20225BE8000BCF84 /* CoreMedia.framework */ = {isa = PBXFileReference; lastKnownFileType = wrapper.framework; name = CoreMedia.framework; path = System/Library/Frameworks/CoreMedia.framework; sourceTree = SDKROOT; };
		0A89ED3020225BF2000BCF84 /* AVFoundation.framework */ = {isa = PBXFileReference; lastKnownFileType = wrapper.framework; name = AVFoundation.framework; path = System/Library/Frameworks/AVFoundation.framework; sourceTree = SDKROOT; };
		0A89ED3220225C13000BCF84 /* libiconv.tbd */ = {isa = PBXFileReference; lastKnownFileType = "sourcecode.text-based-dylib-definition"; name = libiconv.tbd; path = usr/lib/libiconv.tbd; sourceTree = SDKROOT; };
		0A89ED3420225C1C000BCF84 /* libbz2.tbd */ = {isa = PBXFileReference; lastKnownFileType = "sourcecode.text-based-dylib-definition"; name = libbz2.tbd; path = usr/lib/libbz2.tbd; sourceTree = SDKROOT; };
		0A89ED3620225C22000BCF84 /* libz.tbd */ = {isa = PBXFileReference; lastKnownFileType = "sourcecode.text-based-dylib-definition"; name = libz.tbd; path = usr/lib/libz.tbd; sourceTree = SDKROOT; };
		0A89ED3820226150000BCF84 /* CoreImage.framework */ = {isa = PBXFileReference; lastKnownFileType = wrapper.framework; name = CoreImage.framework; path = System/Library/Frameworks/CoreImage.framework; sourceTree = SDKROOT; };
		0A89ED3A20226192000BCF84 /* Security.framework */ = {isa = PBXFileReference; lastKnownFileType = wrapper.framework; name = Security.framework; path = System/Library/Frameworks/Security.framework; sourceTree = SDKROOT; };
		1E5E4FD71C9EA351002E85FA /* cmdutils.c */ = {isa = PBXFileReference; fileEncoding = 4; lastKnownFileType = sourcecode.c.c; path = cmdutils.c; sourceTree = SOURCE_ROOT; };
		1E5E4FD81C9EA351002E85FA /* ffplay.cpp */ = {isa = PBXFileReference; fileEncoding = 4; lastKnownFileType = sourcecode.cpp.cpp; path = ffplay.cpp; sourceTree = SOURCE_ROOT; };
		1E5E4FDB1C9EA495002E85FA /* Cocoa.framework */ = {isa = PBXFileReference; lastKnownFileType = wrapper.framework; name = Cocoa.framework; path = System/Library/Frameworks/Cocoa.framework; sourceTree = SDKROOT; };
		1EF88A631C9EA30A0036424C /* ffplay */ = {isa = PBXFileReference; explicitFileType = "compiled.mach-o.executable"; includeInIndex = 0; path = ffplay; sourceTree = BUILT_PRODUCTS_DIR; };
		58C47C2820240155005145AE /* libSDL2-2.0.0.dylib */ = {isa = PBXFileReference; lastKnownFileType = "compiled.mach-o.dylib"; name = "libSDL2-2.0.0.dylib"; path = "../../../../../usr/local/Cellar/sdl2/2.0.7/lib/libSDL2-2.0.0.dylib"; sourceTree = "<group>"; };
/* End PBXFileReference section */

/* Begin PBXFrameworksBuildPhase section */
		1EF88A601C9EA30A0036424C /* Frameworks */ = {
			isa = PBXFrameworksBuildPhase;
			buildActionMask = 2147483647;
			files = (
				58C47C2920240155005145AE /* libSDL2-2.0.0.dylib in Frameworks */,
				0A89ED3B20226192000BCF84 /* Security.framework in Frameworks */,
				0A89ED3920226151000BCF84 /* CoreImage.framework in Frameworks */,
				0A89ED3720225C22000BCF84 /* libz.tbd in Frameworks */,
				0A89ED3520225C1C000BCF84 /* libbz2.tbd in Frameworks */,
				0A89ED3320225C13000BCF84 /* libiconv.tbd in Frameworks */,
				0A89ED3120225BF2000BCF84 /* AVFoundation.framework in Frameworks */,
				0A89ED2F20225BE8000BCF84 /* CoreMedia.framework in Frameworks */,
				0A89ED2D20225BE0000BCF84 /* VideoToolbox.framework in Frameworks */,
				0A89ED2B20225BD8000BCF84 /* AudioToolbox.framework in Frameworks */,
				0A89ED2920225BD0000BCF84 /* CoreVideo.framework in Frameworks */,
				0A89ED2720225BC7000BCF84 /* OpenGL.framework in Frameworks */,
				1E5E4FDC1C9EA495002E85FA /* Cocoa.framework in Frameworks */,
				0A89ED1F202259C6000BCF84 /* libavutil.a in Frameworks */,
				0A89ED20202259C6000BCF84 /* libswscale.a in Frameworks */,
				0A89ED21202259C6000BCF84 /* libavdevice.a in Frameworks */,
				0A89ED22202259C6000BCF84 /* libavcodec.a in Frameworks */,
				0A89ED23202259C6000BCF84 /* libavfilter.a in Frameworks */,
				0A89ED24202259C6000BCF84 /* libavformat.a in Frameworks */,
				0A89ED25202259C6000BCF84 /* libswresample.a in Frameworks */,
			);
			runOnlyForDeploymentPostprocessing = 0;
		};
/* End PBXFrameworksBuildPhase section */

/* Begin PBXGroup section */
		1E5E4FF11C9EA58A002E85FA /* Frameworks */ = {
			isa = PBXGroup;
			children = (
				58C47C2820240155005145AE /* libSDL2-2.0.0.dylib */,
				0A89ED3A20226192000BCF84 /* Security.framework */,
				0A89ED3820226150000BCF84 /* CoreImage.framework */,
				0A89ED3620225C22000BCF84 /* libz.tbd */,
				0A89ED3420225C1C000BCF84 /* libbz2.tbd */,
				0A89ED3220225C13000BCF84 /* libiconv.tbd */,
				0A89ED3020225BF2000BCF84 /* AVFoundation.framework */,
				0A89ED2E20225BE8000BCF84 /* CoreMedia.framework */,
				0A89ED2C20225BE0000BCF84 /* VideoToolbox.framework */,
				0A89ED2A20225BD8000BCF84 /* AudioToolbox.framework */,
				0A89ED2820225BD0000BCF84 /* CoreVideo.framework */,
				0A89ED2620225BC7000BCF84 /* OpenGL.framework */,
				0A89ED1B202259C6000BCF84 /* libavcodec.a */,
				0A89ED1A202259C6000BCF84 /* libavdevice.a */,
				0A89ED1C202259C6000BCF84 /* libavfilter.a */,
				0A89ED1D202259C6000BCF84 /* libavformat.a */,
				0A89ED18202259C6000BCF84 /* libavutil.a */,
				0A89ED1E202259C6000BCF84 /* libswresample.a */,
				0A89ED19202259C6000BCF84 /* libswscale.a */,
				1E5E4FDB1C9EA495002E85FA /* Cocoa.framework */,
			);
			name = Frameworks;
			sourceTree = "<group>";
		};
		1EF88A5A1C9EA30A0036424C = {
			isa = PBXGroup;
			children = (
				1EF88A651C9EA30A0036424C /* ffplay */,
				1EF88A641C9EA30A0036424C /* Products */,
				1E5E4FF11C9EA58A002E85FA /* Frameworks */,
			);
			sourceTree = "<group>";
		};
		1EF88A641C9EA30A0036424C /* Products */ = {
			isa = PBXGroup;
			children = (
				1EF88A631C9EA30A0036424C /* ffplay */,
			);
			name = Products;
			sourceTree = "<group>";
		};
		1EF88A651C9EA30A0036424C /* ffplay */ = {
			isa = PBXGroup;
			children = (
				1E5E4FD71C9EA351002E85FA /* cmdutils.c */,
				1E5E4FD81C9EA351002E85FA /* ffplay.cpp */,
				0A4D151D202BAB95000976E0 /* mediaplayer.hpp */,
				0A4D151C202BAB95000976E0 /* mediaplayer.cpp */,
			);
			path = ffplay;
			sourceTree = "<group>";
		};
/* End PBXGroup section */

/* Begin PBXNativeTarget section */
		1EF88A621C9EA30A0036424C /* ffplay */ = {
			isa = PBXNativeTarget;
			buildConfigurationList = 1EF88A6A1C9EA30A0036424C /* Build configuration list for PBXNativeTarget "ffplay" */;
			buildPhases = (
				1EF88A5F1C9EA30A0036424C /* Sources */,
				1EF88A601C9EA30A0036424C /* Frameworks */,
				1EF88A611C9EA30A0036424C /* CopyFiles */,
				0A89ED3C202261E0000BCF84 /* CopyFiles */,
			);
			buildRules = (
			);
			dependencies = (
			);
			name = ffplay;
			productName = ffplay;
			productReference = 1EF88A631C9EA30A0036424C /* ffplay */;
			productType = "com.apple.product-type.tool";
		};
/* End PBXNativeTarget section */

/* Begin PBXProject section */
		1EF88A5B1C9EA30A0036424C /* Project object */ = {
			isa = PBXProject;
			attributes = {
				LastUpgradeCheck = 0720;
				ORGANIZATIONNAME = FFmpeg;
				TargetAttributes = {
					1EF88A621C9EA30A0036424C = {
						CreatedOnToolsVersion = 7.2.1;
					};
				};
			};
			buildConfigurationList = 1EF88A5E1C9EA30A0036424C /* Build configuration list for PBXProject "ffplay" */;
			compatibilityVersion = "Xcode 3.2";
			developmentRegion = English;
			hasScannedForEncodings = 0;
			knownRegions = (
				en,
			);
			mainGroup = 1EF88A5A1C9EA30A0036424C;
			productRefGroup = 1EF88A641C9EA30A0036424C /* Products */;
			projectDirPath = "";
			projectRoot = "";
			targets = (
				1EF88A621C9EA30A0036424C /* ffplay */,
			);
		};
/* End PBXProject section */

/* Begin PBXSourcesBuildPhase section */
		1EF88A5F1C9EA30A0036424C /* Sources */ = {
			isa = PBXSourcesBuildPhase;
			buildActionMask = 2147483647;
			files = (
				0A4D151E202BAB95000976E0 /* mediaplayer.cpp in Sources */,
				1E5E4FD91C9EA351002E85FA /* cmdutils.c in Sources */,
				1E5E4FDA1C9EA351002E85FA /* ffplay.cpp in Sources */,
			);
			runOnlyForDeploymentPostprocessing = 0;
		};
/* End PBXSourcesBuildPhase section */

/* Begin XCBuildConfiguration section */
		1EF88A681C9EA30A0036424C /* Debug */ = {
			isa = XCBuildConfiguration;
			buildSettings = {
				ALWAYS_SEARCH_USER_PATHS = NO;
				CLANG_CXX_LANGUAGE_STANDARD = "gnu++0x";
				CLANG_CXX_LIBRARY = "libc++";
				CLANG_ENABLE_MODULES = YES;
				CLANG_ENABLE_OBJC_ARC = YES;
				CLANG_WARN_BOOL_CONVERSION = YES;
				CLANG_WARN_CONSTANT_CONVERSION = YES;
				CLANG_WARN_DIRECT_OBJC_ISA_USAGE = YES_ERROR;
				CLANG_WARN_EMPTY_BODY = YES;
				CLANG_WARN_ENUM_CONVERSION = YES;
				CLANG_WARN_INT_CONVERSION = YES;
				CLANG_WARN_OBJC_ROOT_CLASS = YES_ERROR;
				CLANG_WARN_UNREACHABLE_CODE = YES;
				CLANG_WARN__DUPLICATE_METHOD_MATCH = YES;
				CODE_SIGN_IDENTITY = "-";
				COPY_PHASE_STRIP = NO;
				DEBUG_INFORMATION_FORMAT = dwarf;
				ENABLE_STRICT_OBJC_MSGSEND = YES;
				ENABLE_TESTABILITY = YES;
				GCC_C_LANGUAGE_STANDARD = gnu99;
				GCC_DYNAMIC_NO_PIC = NO;
				GCC_NO_COMMON_BLOCKS = YES;
				GCC_OPTIMIZATION_LEVEL = 0;
				GCC_PREPROCESSOR_DEFINITIONS = (
					"DEBUG=1",
					"$(inherited)",
				);
				GCC_WARN_64_TO_32_BIT_CONVERSION = YES;
				GCC_WARN_ABOUT_RETURN_TYPE = YES_ERROR;
				GCC_WARN_UNDECLARED_SELECTOR = YES;
				GCC_WARN_UNINITIALIZED_AUTOS = YES_AGGRESSIVE;
				GCC_WARN_UNUSED_FUNCTION = YES;
				GCC_WARN_UNUSED_VARIABLE = YES;
				MACOSX_DEPLOYMENT_TARGET = 10.11;
				MTL_ENABLE_DEBUG_INFO = YES;
				ONLY_ACTIVE_ARCH = YES;
				SDKROOT = macosx;
			};
			name = Debug;
		};
		1EF88A691C9EA30A0036424C /* Release */ = {
			isa = XCBuildConfiguration;
			buildSettings = {
				ALWAYS_SEARCH_USER_PATHS = NO;
				CLANG_CXX_LANGUAGE_STANDARD = "gnu++0x";
				CLANG_CXX_LIBRARY = "libc++";
				CLANG_ENABLE_MODULES = YES;
				CLANG_ENABLE_OBJC_ARC = YES;
				CLANG_WARN_BOOL_CONVERSION = YES;
				CLANG_WARN_CONSTANT_CONVERSION = YES;
				CLANG_WARN_DIRECT_OBJC_ISA_USAGE = YES_ERROR;
				CLANG_WARN_EMPTY_BODY = YES;
				CLANG_WARN_ENUM_CONVERSION = YES;
				CLANG_WARN_INT_CONVERSION = YES;
				CLANG_WARN_OBJC_ROOT_CLASS = YES_ERROR;
				CLANG_WARN_UNREACHABLE_CODE = YES;
				CLANG_WARN__DUPLICATE_METHOD_MATCH = YES;
				CODE_SIGN_IDENTITY = "-";
				COPY_PHASE_STRIP = NO;
				DEBUG_INFORMATION_FORMAT = "dwarf-with-dsym";
				ENABLE_NS_ASSERTIONS = NO;
				ENABLE_STRICT_OBJC_MSGSEND = YES;
				GCC_C_LANGUAGE_STANDARD = gnu99;
				GCC_NO_COMMON_BLOCKS = YES;
				GCC_WARN_64_TO_32_BIT_CONVERSION = YES;
				GCC_WARN_ABOUT_RETURN_TYPE = YES_ERROR;
				GCC_WARN_UNDECLARED_SELECTOR = YES;
				GCC_WARN_UNINITIALIZED_AUTOS = YES_AGGRESSIVE;
				GCC_WARN_UNUSED_FUNCTION = YES;
				GCC_WARN_UNUSED_VARIABLE = YES;
				MACOSX_DEPLOYMENT_TARGET = 10.11;
				MTL_ENABLE_DEBUG_INFO = NO;
				SDKROOT = macosx;
			};
			name = Release;
		};
		1EF88A6B1C9EA30A0036424C /* Debug */ = {
			isa = XCBuildConfiguration;
			buildSettings = {
				FRAMEWORK_SEARCH_PATHS = (
					"$(inherited)",
					"\"$(SRCROOT)/Frameworks\"",
				);
				GCC_PREPROCESSOR_DEFINITIONS = (
					"$(inherited)",
					"_GNU_SOURCE=1",
					_THREAD_SAFE,
				);
				HEADER_SEARCH_PATHS = "\"$(SRCROOT)/include\"";
				LIBRARY_SEARCH_PATHS = (
					"$(inherited)",
					/usr/local/Cellar/ffmpeg/3.4.1/lib,
					/usr/local/Cellar/sdl2/2.0.7/lib,
					"\"$(SRCROOT)/lib\"",
				);
				OTHER_LDFLAGS = (
					"-lstdc++",
					"-lavcodec",
					"-lavdevice",
					"-lavfilter",
					"-lavformat",
					"-lavutil",
					"-lswresample",
					"-lswscale",
				);
				PRODUCT_NAME = "$(TARGET_NAME)";
			};
			name = Debug;
		};
		1EF88A6C1C9EA30A0036424C /* Release */ = {
			isa = XCBuildConfiguration;
			buildSettings = {
				FRAMEWORK_SEARCH_PATHS = (
					"$(inherited)",
					"\"$(SRCROOT)/Frameworks\"",
				);
				GCC_PREPROCESSOR_DEFINITIONS = (
					"$(inherited)",
					"_GNU_SOURCE=1",
					_THREAD_SAFE,
				);
				HEADER_SEARCH_PATHS = "\"$(SRCROOT)/include\"";
				LIBRARY_SEARCH_PATHS = (
					"$(inherited)",
					/usr/local/Cellar/ffmpeg/3.4.1/lib,
					/usr/local/Cellar/sdl2/2.0.7/lib,
					"\"$(SRCROOT)/lib\"",
				);
				OTHER_LDFLAGS = (
					"-lstdc++",
					"-lavcodec",
					"-lavdevice",
					"-lavfilter",
					"-lavformat",
					"-lavutil",
					"-lswresample",
					"-lswscale",
				);
				PRODUCT_NAME = "$(TARGET_NAME)";
			};
			name = Release;
		};
/* End XCBuildConfiguration section */

/* Begin XCConfigurationList section */
		1EF88A5E1C9EA30A0036424C /* Build configuration list for PBXProject "ffplay" */ = {
			isa = XCConfigurationList;
			buildConfigurations = (
				1EF88A681C9EA30A0036424C /* Debug */,
				1EF88A691C9EA30A0036424C /* Release */,
			);
			defaultConfigurationIsVisible = 0;
			defaultConfigurationName = Release;
		};
		1EF88A6A1C9EA30A0036424C /* Build configuration list for PBXNativeTarget "ffplay" */ = {
			isa = XCConfigurationList;
			buildConfigurations = (
				1EF88A6B1C9EA30A0036424C /* Debug */,
				1EF88A6C1C9EA30A0036424C /* Release */,
			);
			defaultConfigurationIsVisible = 0;
			defaultConfigurationName = Release;
		};
/* End XCConfigurationList section */
	};
	rootObject = 1EF88A5B1C9EA30A0036424C /* Project object */;
}
